// !$*UTF8*$!
{
	archiveVersion = 1;
	classes = {
	};
	objectVersion = 50;
	objects = {

/* Begin PBXBuildFile section */
		1011EFBD24BF877F00FB8CC2 /* AppDelegate.swift in Sources */ = {isa = PBXBuildFile; fileRef = 1011EFBC24BF877F00FB8CC2 /* AppDelegate.swift */; };
		1011EFBF24BF877F00FB8CC2 /* SceneDelegate.swift in Sources */ = {isa = PBXBuildFile; fileRef = 1011EFBE24BF877F00FB8CC2 /* SceneDelegate.swift */; };
		1011EFC124BF877F00FB8CC2 /* ViewController.swift in Sources */ = {isa = PBXBuildFile; fileRef = 1011EFC024BF877F00FB8CC2 /* ViewController.swift */; };
		1011EFC424BF877F00FB8CC2 /* Main.storyboard in Resources */ = {isa = PBXBuildFile; fileRef = 1011EFC224BF877F00FB8CC2 /* Main.storyboard */; };
		1011EFC724BF877F00FB8CC2 /* Xhale.xcdatamodeld in Sources */ = {isa = PBXBuildFile; fileRef = 1011EFC524BF877F00FB8CC2 /* Xhale.xcdatamodeld */; };
		1011EFC924BF878500FB8CC2 /* Assets.xcassets in Resources */ = {isa = PBXBuildFile; fileRef = 1011EFC824BF878500FB8CC2 /* Assets.xcassets */; };
		1011EFCC24BF878500FB8CC2 /* LaunchScreen.storyboard in Resources */ = {isa = PBXBuildFile; fileRef = 1011EFCA24BF878500FB8CC2 /* LaunchScreen.storyboard */; };
		1049B43124C0C66900A2FB85 /* AddMoodViewController.swift in Sources */ = {isa = PBXBuildFile; fileRef = 1049B43024C0C66900A2FB85 /* AddMoodViewController.swift */; };
		1049B43324C0C74700A2FB85 /* CustomTableViewController.swift in Sources */ = {isa = PBXBuildFile; fileRef = 1049B43224C0C74700A2FB85 /* CustomTableViewController.swift */; };
		1049B43524C0C82000A2FB85 /* moodTracker.swift in Sources */ = {isa = PBXBuildFile; fileRef = 1049B43424C0C82000A2FB85 /* moodTracker.swift */; };
		1049B43824C0D36B00A2FB85 /* smileyfaces.png in Resources */ = {isa = PBXBuildFile; fileRef = 1049B43624C0D36A00A2FB85 /* smileyfaces.png */; };
		1049B43924C0D36B00A2FB85 /* smileyface5.png in Resources */ = {isa = PBXBuildFile; fileRef = 1049B43724C0D36B00A2FB85 /* smileyface5.png */; };
		18548FA724C14247005E7E78 /* ResourcesViewController.swift in Sources */ = {isa = PBXBuildFile; fileRef = 18548FA624C14247005E7E78 /* ResourcesViewController.swift */; };
/* End PBXBuildFile section */

/* Begin PBXFileReference section */
		1011EFB924BF877F00FB8CC2 /* Xhale.app */ = {isa = PBXFileReference; explicitFileType = wrapper.application; includeInIndex = 0; path = Xhale.app; sourceTree = BUILT_PRODUCTS_DIR; };
		1011EFBC24BF877F00FB8CC2 /* AppDelegate.swift */ = {isa = PBXFileReference; lastKnownFileType = sourcecode.swift; path = AppDelegate.swift; sourceTree = "<group>"; };
		1011EFBE24BF877F00FB8CC2 /* SceneDelegate.swift */ = {isa = PBXFileReference; lastKnownFileType = sourcecode.swift; path = SceneDelegate.swift; sourceTree = "<group>"; };
		1011EFC024BF877F00FB8CC2 /* ViewController.swift */ = {isa = PBXFileReference; lastKnownFileType = sourcecode.swift; path = ViewController.swift; sourceTree = "<group>"; };
		1011EFC324BF877F00FB8CC2 /* Base */ = {isa = PBXFileReference; lastKnownFileType = file.storyboard; name = Base; path = Base.lproj/Main.storyboard; sourceTree = "<group>"; };
		1011EFC624BF877F00FB8CC2 /* Xhale.xcdatamodel */ = {isa = PBXFileReference; lastKnownFileType = wrapper.xcdatamodel; path = Xhale.xcdatamodel; sourceTree = "<group>"; };
		1011EFC824BF878500FB8CC2 /* Assets.xcassets */ = {isa = PBXFileReference; lastKnownFileType = folder.assetcatalog; path = Assets.xcassets; sourceTree = "<group>"; };
		1011EFCB24BF878500FB8CC2 /* Base */ = {isa = PBXFileReference; lastKnownFileType = file.storyboard; name = Base; path = Base.lproj/LaunchScreen.storyboard; sourceTree = "<group>"; };
		1011EFCD24BF878500FB8CC2 /* Info.plist */ = {isa = PBXFileReference; lastKnownFileType = text.plist.xml; path = Info.plist; sourceTree = "<group>"; };
		1049B43024C0C66900A2FB85 /* AddMoodViewController.swift */ = {isa = PBXFileReference; lastKnownFileType = sourcecode.swift; path = AddMoodViewController.swift; sourceTree = "<group>"; };
		1049B43224C0C74700A2FB85 /* CustomTableViewController.swift */ = {isa = PBXFileReference; lastKnownFileType = sourcecode.swift; path = CustomTableViewController.swift; sourceTree = "<group>"; };
		1049B43424C0C82000A2FB85 /* moodTracker.swift */ = {isa = PBXFileReference; lastKnownFileType = sourcecode.swift; path = moodTracker.swift; sourceTree = "<group>"; };
		1049B43624C0D36A00A2FB85 /* smileyfaces.png */ = {isa = PBXFileReference; lastKnownFileType = image.png; path = smileyfaces.png; sourceTree = "<group>"; };
		1049B43724C0D36B00A2FB85 /* smileyface5.png */ = {isa = PBXFileReference; lastKnownFileType = image.png; path = smileyface5.png; sourceTree = "<group>"; };
		18548FA624C14247005E7E78 /* ResourcesViewController.swift */ = {isa = PBXFileReference; lastKnownFileType = sourcecode.swift; path = ResourcesViewController.swift; sourceTree = "<group>"; };
/* End PBXFileReference section */

/* Begin PBXFrameworksBuildPhase section */
		1011EFB624BF877F00FB8CC2 /* Frameworks */ = {
			isa = PBXFrameworksBuildPhase;
			buildActionMask = 2147483647;
			files = (
			);
			runOnlyForDeploymentPostprocessing = 0;
		};
/* End PBXFrameworksBuildPhase section */

/* Begin PBXGroup section */
		1011EFB024BF877F00FB8CC2 = {
			isa = PBXGroup;
			children = (
				1011EFBB24BF877F00FB8CC2 /* Xhale */,
				1011EFBA24BF877F00FB8CC2 /* Products */,
			);
			sourceTree = "<group>";
		};
		1011EFBA24BF877F00FB8CC2 /* Products */ = {
			isa = PBXGroup;
			children = (
				1011EFB924BF877F00FB8CC2 /* Xhale.app */,
			);
			name = Products;
			sourceTree = "<group>";
		};
		1011EFBB24BF877F00FB8CC2 /* Xhale */ = {
			isa = PBXGroup;
			children = (
				1011EFBC24BF877F00FB8CC2 /* AppDelegate.swift */,
				1011EFBE24BF877F00FB8CC2 /* SceneDelegate.swift */,
				1011EFC024BF877F00FB8CC2 /* ViewController.swift */,
				1011EFC224BF877F00FB8CC2 /* Main.storyboard */,
				1011EFC824BF878500FB8CC2 /* Assets.xcassets */,
				1049B43724C0D36B00A2FB85 /* smileyface5.png */,
				1049B43624C0D36A00A2FB85 /* smileyfaces.png */,
				1011EFCA24BF878500FB8CC2 /* LaunchScreen.storyboard */,
				1011EFCD24BF878500FB8CC2 /* Info.plist */,
				1011EFC524BF877F00FB8CC2 /* Xhale.xcdatamodeld */,
				1049B43024C0C66900A2FB85 /* AddMoodViewController.swift */,
				1049B43224C0C74700A2FB85 /* CustomTableViewController.swift */,
				1049B43424C0C82000A2FB85 /* moodTracker.swift */,
				18548FA624C14247005E7E78 /* ResourcesViewController.swift */,
			);
			path = Xhale;
			sourceTree = "<group>";
		};
/* End PBXGroup section */

/* Begin PBXNativeTarget section */
		1011EFB824BF877F00FB8CC2 /* Xhale */ = {
			isa = PBXNativeTarget;
			buildConfigurationList = 1011EFD024BF878500FB8CC2 /* Build configuration list for PBXNativeTarget "Xhale" */;
			buildPhases = (
				1011EFB524BF877F00FB8CC2 /* Sources */,
				1011EFB624BF877F00FB8CC2 /* Frameworks */,
				1011EFB724BF877F00FB8CC2 /* Resources */,
			);
			buildRules = (
			);
			dependencies = (
			);
			name = Xhale;
			productName = Xhale;
			productReference = 1011EFB924BF877F00FB8CC2 /* Xhale.app */;
			productType = "com.apple.product-type.application";
		};
/* End PBXNativeTarget section */

/* Begin PBXProject section */
		1011EFB124BF877F00FB8CC2 /* Project object */ = {
			isa = PBXProject;
			attributes = {
				LastSwiftUpdateCheck = 1150;
				LastUpgradeCheck = 1150;
				ORGANIZATIONNAME = "Ria Manathkar";
				TargetAttributes = {
					1011EFB824BF877F00FB8CC2 = {
						CreatedOnToolsVersion = 11.5;
					};
				};
			};
			buildConfigurationList = 1011EFB424BF877F00FB8CC2 /* Build configuration list for PBXProject "Xhale" */;
			compatibilityVersion = "Xcode 9.3";
			developmentRegion = en;
			hasScannedForEncodings = 0;
			knownRegions = (
				en,
				Base,
			);
			mainGroup = 1011EFB024BF877F00FB8CC2;
			productRefGroup = 1011EFBA24BF877F00FB8CC2 /* Products */;
			projectDirPath = "";
			projectRoot = "";
			targets = (
				1011EFB824BF877F00FB8CC2 /* Xhale */,
			);
		};
/* End PBXProject section */

/* Begin PBXResourcesBuildPhase section */
		1011EFB724BF877F00FB8CC2 /* Resources */ = {
			isa = PBXResourcesBuildPhase;
			buildActionMask = 2147483647;
			files = (
				1011EFCC24BF878500FB8CC2 /* LaunchScreen.storyboard in Resources */,
				1011EFC924BF878500FB8CC2 /* Assets.xcassets in Resources */,
				1011EFC424BF877F00FB8CC2 /* Main.storyboard in Resources */,
				1049B43924C0D36B00A2FB85 /* smileyface5.png in Resources */,
				1049B43824C0D36B00A2FB85 /* smileyfaces.png in Resources */,
			);
			runOnlyForDeploymentPostprocessing = 0;
		};
/* End PBXResourcesBuildPhase section */

/* Begin PBXSourcesBuildPhase section */
		1011EFB524BF877F00FB8CC2 /* Sources */ = {
			isa = PBXSourcesBuildPhase;
			buildActionMask = 2147483647;
			files = (
				1011EFC724BF877F00FB8CC2 /* Xhale.xcdatamodeld in Sources */,
				1049B43124C0C66900A2FB85 /* AddMoodViewController.swift in Sources */,
				18548FA724C14247005E7E78 /* ResourcesViewController.swift in Sources */,
				1049B43524C0C82000A2FB85 /* moodTracker.swift in Sources */,
				1011EFC124BF877F00FB8CC2 /* ViewController.swift in Sources */,
				1011EFBD24BF877F00FB8CC2 /* AppDelegate.swift in Sources */,
				1049B43324C0C74700A2FB85 /* CustomTableViewController.swift in Sources */,
				1011EFBF24BF877F00FB8CC2 /* SceneDelegate.swift in Sources */,
			);
			runOnlyForDeploymentPostprocessing = 0;
		};
/* End PBXSourcesBuildPhase section */

/* Begin PBXVariantGroup section */
		1011EFC224BF877F00FB8CC2 /* Main.storyboard */ = {
			isa = PBXVariantGroup;
			children = (
				1011EFC324BF877F00FB8CC2 /* Base */,
			);
			name = Main.storyboard;
			sourceTree = "<group>";
		};
		1011EFCA24BF878500FB8CC2 /* LaunchScreen.storyboard */ = {
			isa = PBXVariantGroup;
			children = (
				1011EFCB24BF878500FB8CC2 /* Base */,
			);
			name = LaunchScreen.storyboard;
			sourceTree = "<group>";
		};
/* End PBXVariantGroup section */

/* Begin XCBuildConfiguration section */
		1011EFCE24BF878500FB8CC2 /* Debug */ = {
			isa = XCBuildConfiguration;
			buildSettings = {
				ALWAYS_SEARCH_USER_PATHS = NO;
				CLANG_ANALYZER_NONNULL = YES;
				CLANG_ANALYZER_NUMBER_OBJECT_CONVERSION = YES_AGGRESSIVE;
				CLANG_CXX_LANGUAGE_STANDARD = "gnu++14";
				CLANG_CXX_LIBRARY = "libc++";
				CLANG_ENABLE_MODULES = YES;
				CLANG_ENABLE_OBJC_ARC = YES;
				CLANG_ENABLE_OBJC_WEAK = YES;
				CLANG_WARN_BLOCK_CAPTURE_AUTORELEASING = YES;
				CLANG_WARN_BOOL_CONVERSION = YES;
				CLANG_WARN_COMMA = YES;
				CLANG_WARN_CONSTANT_CONVERSION = YES;
				CLANG_WARN_DEPRECATED_OBJC_IMPLEMENTATIONS = YES;
				CLANG_WARN_DIRECT_OBJC_ISA_USAGE = YES_ERROR;
				CLANG_WARN_DOCUMENTATION_COMMENTS = YES;
				CLANG_WARN_EMPTY_BODY = YES;
				CLANG_WARN_ENUM_CONVERSION = YES;
				CLANG_WARN_INFINITE_RECURSION = YES;
				CLANG_WARN_INT_CONVERSION = YES;
				CLANG_WARN_NON_LITERAL_NULL_CONVERSION = YES;
				CLANG_WARN_OBJC_IMPLICIT_RETAIN_SELF = YES;
				CLANG_WARN_OBJC_LITERAL_CONVERSION = YES;
				CLANG_WARN_OBJC_ROOT_CLASS = YES_ERROR;
				CLANG_WARN_RANGE_LOOP_ANALYSIS = YES;
				CLANG_WARN_STRICT_PROTOTYPES = YES;
				CLANG_WARN_SUSPICIOUS_MOVE = YES;
				CLANG_WARN_UNGUARDED_AVAILABILITY = YES_AGGRESSIVE;
				CLANG_WARN_UNREACHABLE_CODE = YES;
				CLANG_WARN__DUPLICATE_METHOD_MATCH = YES;
				COPY_PHASE_STRIP = NO;
				DEBUG_INFORMATION_FORMAT = dwarf;
				ENABLE_STRICT_OBJC_MSGSEND = YES;
				ENABLE_TESTABILITY = YES;
				GCC_C_LANGUAGE_STANDARD = gnu11;
				GCC_DYNAMIC_NO_PIC = NO;
				GCC_NO_COMMON_BLOCKS = YES;
				GCC_OPTIMIZATION_LEVEL = 0;
				GCC_PREPROCESSOR_DEFINITIONS = (
					"DEBUG=1",
					"$(inherited)",
				);
				GCC_WARN_64_TO_32_BIT_CONVERSION = YES;
				GCC_WARN_ABOUT_RETURN_TYPE = YES_ERROR;
				GCC_WARN_UNDECLARED_SELECTOR = YES;
				GCC_WARN_UNINITIALIZED_AUTOS = YES_AGGRESSIVE;
				GCC_WARN_UNUSED_FUNCTION = YES;
				GCC_WARN_UNUSED_VARIABLE = YES;
				IPHONEOS_DEPLOYMENT_TARGET = 13.5;
				MTL_ENABLE_DEBUG_INFO = INCLUDE_SOURCE;
				MTL_FAST_MATH = YES;
				ONLY_ACTIVE_ARCH = YES;
				SDKROOT = iphoneos;
				SWIFT_ACTIVE_COMPILATION_CONDITIONS = DEBUG;
				SWIFT_OPTIMIZATION_LEVEL = "-Onone";
			};
			name = Debug;
		};
		1011EFCF24BF878500FB8CC2 /* Release */ = {
			isa = XCBuildConfiguration;
			buildSettings = {
				ALWAYS_SEARCH_USER_PATHS = NO;
				CLANG_ANALYZER_NONNULL = YES;
				CLANG_ANALYZER_NUMBER_OBJECT_CONVERSION = YES_AGGRESSIVE;
				CLANG_CXX_LANGUAGE_STANDARD = "gnu++14";
				CLANG_CXX_LIBRARY = "libc++";
				CLANG_ENABLE_MODULES = YES;
				CLANG_ENABLE_OBJC_ARC = YES;
				CLANG_ENABLE_OBJC_WEAK = YES;
				CLANG_WARN_BLOCK_CAPTURE_AUTORELEASING = YES;
				CLANG_WARN_BOOL_CONVERSION = YES;
				CLANG_WARN_COMMA = YES;
				CLANG_WARN_CONSTANT_CONVERSION = YES;
				CLANG_WARN_DEPRECATED_OBJC_IMPLEMENTATIONS = YES;
				CLANG_WARN_DIRECT_OBJC_ISA_USAGE = YES_ERROR;
				CLANG_WARN_DOCUMENTATION_COMMENTS = YES;
				CLANG_WARN_EMPTY_BODY = YES;
				CLANG_WARN_ENUM_CONVERSION = YES;
				CLANG_WARN_INFINITE_RECURSION = YES;
				CLANG_WARN_INT_CONVERSION = YES;
				CLANG_WARN_NON_LITERAL_NULL_CONVERSION = YES;
				CLANG_WARN_OBJC_IMPLICIT_RETAIN_SELF = YES;
				CLANG_WARN_OBJC_LITERAL_CONVERSION = YES;
				CLANG_WARN_OBJC_ROOT_CLASS = YES_ERROR;
				CLANG_WARN_RANGE_LOOP_ANALYSIS = YES;
				CLANG_WARN_STRICT_PROTOTYPES = YES;
				CLANG_WARN_SUSPICIOUS_MOVE = YES;
				CLANG_WARN_UNGUARDED_AVAILABILITY = YES_AGGRESSIVE;
				CLANG_WARN_UNREACHABLE_CODE = YES;
				CLANG_WARN__DUPLICATE_METHOD_MATCH = YES;
				COPY_PHASE_STRIP = NO;
				DEBUG_INFORMATION_FORMAT = "dwarf-with-dsym";
				ENABLE_NS_ASSERTIONS = NO;
				ENABLE_STRICT_OBJC_MSGSEND = YES;
				GCC_C_LANGUAGE_STANDARD = gnu11;
				GCC_NO_COMMON_BLOCKS = YES;
				GCC_WARN_64_TO_32_BIT_CONVERSION = YES;
				GCC_WARN_ABOUT_RETURN_TYPE = YES_ERROR;
				GCC_WARN_UNDECLARED_SELECTOR = YES;
				GCC_WARN_UNINITIALIZED_AUTOS = YES_AGGRESSIVE;
				GCC_WARN_UNUSED_FUNCTION = YES;
				GCC_WARN_UNUSED_VARIABLE = YES;
				IPHONEOS_DEPLOYMENT_TARGET = 13.5;
				MTL_ENABLE_DEBUG_INFO = NO;
				MTL_FAST_MATH = YES;
				SDKROOT = iphoneos;
				SWIFT_COMPILATION_MODE = wholemodule;
				SWIFT_OPTIMIZATION_LEVEL = "-O";
				VALIDATE_PRODUCT = YES;
			};
			name = Release;
		};
		1011EFD124BF878500FB8CC2 /* Debug */ = {
			isa = XCBuildConfiguration;
			buildSettings = {
				ASSETCATALOG_COMPILER_APPICON_NAME = AppIcon;
				CODE_SIGN_STYLE = Automatic;
				DEVELOPMENT_TEAM = F87WVG5TNL;
				INFOPLIST_FILE = Xhale/Info.plist;
				LD_RUNPATH_SEARCH_PATHS = (
					"$(inherited)",
					"@executable_path/Frameworks",
				);
				PRODUCT_BUNDLE_IDENTIFIER = riamanathkar.Xhale;
				PRODUCT_NAME = "$(TARGET_NAME)";
				SWIFT_VERSION = 5.0;
				TARGETED_DEVICE_FAMILY = "1,2";
			};
			name = Debug;
		};
		1011EFD224BF878500FB8CC2 /* Release */ = {
			isa = XCBuildConfiguration;
			buildSettings = {
				ASSETCATALOG_COMPILER_APPICON_NAME = AppIcon;
				CODE_SIGN_STYLE = Automatic;
				DEVELOPMENT_TEAM = F87WVG5TNL;
				INFOPLIST_FILE = Xhale/Info.plist;
				LD_RUNPATH_SEARCH_PATHS = (
					"$(inherited)",
					"@executable_path/Frameworks",
				);
				PRODUCT_BUNDLE_IDENTIFIER = riamanathkar.Xhale;
				PRODUCT_NAME = "$(TARGET_NAME)";
				SWIFT_VERSION = 5.0;
				TARGETED_DEVICE_FAMILY = "1,2";
			};
			name = Release;
		};
/* End XCBuildConfiguration section */

/* Begin XCConfigurationList section */
		1011EFB424BF877F00FB8CC2 /* Build configuration list for PBXProject "Xhale" */ = {
			isa = XCConfigurationList;
			buildConfigurations = (
				1011EFCE24BF878500FB8CC2 /* Debug */,
				1011EFCF24BF878500FB8CC2 /* Release */,
			);
			defaultConfigurationIsVisible = 0;
			defaultConfigurationName = Release;
		};
		1011EFD024BF878500FB8CC2 /* Build configuration list for PBXNativeTarget "Xhale" */ = {
			isa = XCConfigurationList;
			buildConfigurations = (
				1011EFD124BF878500FB8CC2 /* Debug */,
				1011EFD224BF878500FB8CC2 /* Release */,
			);
			defaultConfigurationIsVisible = 0;
			defaultConfigurationName = Release;
		};
/* End XCConfigurationList section */

/* Begin XCVersionGroup section */
		1011EFC524BF877F00FB8CC2 /* Xhale.xcdatamodeld */ = {
			isa = XCVersionGroup;
			children = (
				1011EFC624BF877F00FB8CC2 /* Xhale.xcdatamodel */,
			);
			currentVersion = 1011EFC624BF877F00FB8CC2 /* Xhale.xcdatamodel */;
			path = Xhale.xcdatamodeld;
			sourceTree = "<group>";
			versionGroupType = wrapper.xcdatamodel;
		};
/* End XCVersionGroup section */
	};
	rootObject = 1011EFB124BF877F00FB8CC2 /* Project object */;
}
